{
    "name": "homebridge-smartthings-cloud",
    "version": "1.0.1",
    "lockfileVersion": 2,
    "requires": true,
    "packages": {
        "": {
            "version": "1.0.1",
            "license": "MIT",
            "devDependencies": {},
            "engines": {
                "homebridge": ">=0.4.50",
                "node": ">=8.10.0"
            }
        }
    }
}
